{
  "name": "HelpDeskMvc",
  "lockfileVersion": 3,
  "requires": true,
  "packages": {
    "": {
      "dependencies": {
        "@anthropic-ai/claude-code": "^2.1.245"
      }
    },
    "node_modules/@anthropic-ai/claude-code": {
      "version": "2.1.245",
      "resolved": "https://registry.npmjs.org/@anthropic-ai/claude-code/-/claude-code-2.1.245.tgz",
      "integrity": "sha512-+7baJddJXZukgd6AgC7xStHGsMTVHDPlRcAoqTSPx2NQ+QwKGtvCZQLgbnKuhjkwq9v9vKvYwIhLOwGiE77mVQ==",
      "hasInstallScript": true,
      "license": "SEE LICENSE IN README.md",
      "bin": {
        "claude": "bin/claude.exe"
      },
      "engines": {
        "node": ">=22.0.0"
      },
      "optionalDependencies": {
        "@anthropic-ai/claude-code-darwin-arm64": "2.1.245",
        "@anthropic-ai/claude-code-darwin-x64": "2.1.245",
        "@anthropic-ai/claude-code-linux-arm64": "2.1.245",
        "@anthropic-ai/claude-code-linux-arm64-musl": "2.1.245",
        "@anthropic-ai/claude-code-linux-x64": "2.1.245",
        "@anthropic-ai/claude-code-linux-x64-musl": "2.1.245",
        "@anthropic-ai/claude-code-win32-arm64": "2.1.245",
        "@anthropic-ai/claude-code-win32-x64": "2.1.245"
      }
    },
    "node_modules/@anthropic-ai/claude-code-darwin-arm64": {
      "version": "2.1.245",
      "resolved": "https://registry.npmjs.org/@anthropic-ai/claude-code-darwin-arm64/-/claude-code-darwin-arm64-2.1.245.tgz",
      "integrity": "sha512-jjXl0zI4v3UXpkOlvDdPzJzz0rQ1QwvzDlKMSUIw5rGMReiOErq8o8DJyQJNgERejGG5Et9DiUFm+Bg6Tq9IBw==",
      "cpu": [
        "arm64"
      ],
      "license": "SEE LICENSE IN LICENSE.md",
      "optional": true,
      "os": [
        "darwin"
      ]
    },
    "node_modules/@anthropic-ai/claude-code-darwin-x64": {
      "version": "2.1.245",
      "resolved": "https://registry.npmjs.org/@anthropic-ai/claude-code-darwin-x64/-/claude-code-darwin-x64-2.1.245.tgz",
      "integrity": "sha512-4WJJ+nHOuhV00/55I3LoVhfWDBU4KGgYdBe/lZjuufOSFhoREeG8T/HT2bYS/qTbFZUbkBau80M1TBMiBDbnbw==",
      "cpu": [
        "x64"
      ],
      "license": "SEE LICENSE IN LICENSE.md",
      "optional": true,
      "os": [
        "darwin"
      ]
    },
    "node_modules/@anthropic-ai/claude-code-linux-arm64": {
      "version": "2.1.245",
      "resolved": "https://registry.npmjs.org/@anthropic-ai/claude-code-linux-arm64/-/claude-code-linux-arm64-2.1.245.tgz",
      "integrity": "sha512-Qbn5HnZbYeW4GdifVkDGfcVKqj3/f3U9sfVd3LEaUZh08CcS8D/ptJ76zuBfQUGHJHfToAdNVfak86uJ84b1Dg==",
      "cpu": [
        "arm64"
      ],
      "license": "SEE LICENSE IN LICENSE.md",
      "optional": true,
      "os": [
        "linux"
      ]
    },
    "node_modules/@anthropic-ai/claude-code-linux-arm64-musl": {
      "version": "2.1.245",
      "resolved": "https://registry.npmjs.org/@anthropic-ai/claude-code-linux-arm64-musl/-/claude-code-linux-arm64-musl-2.1.245.tgz",
      "integrity": "sha512-Fb6aeNv5NZf8XhFbBqb0HG5gT3Y+3FtrJetPoYbN36i74Jqt5Xsw85o/JyCPBULWBoNHDBm/ljYfn+/KwRerFg==",
      "cpu": [
        "arm64"
      ],
      "license": "SEE LICENSE IN LICENSE.md",
      "optional": true,
      "os": [
        "linux"
      ]
    },
    "node_modules/@anthropic-ai/claude-code-linux-x64": {
      "version": "2.1.245",
      "resolved": "https://registry.npmjs.org/@anthropic-ai/claude-code-linux-x64/-/claude-code-linux-x64-2.1.245.tgz",
      "integrity": "sha512-SRO5w2f9iHKZmREp389kPKxWAr6qEODxggdhhS7zF16OMwaUHjV5Yu7Oq8jSMD57gQiBjOfvFp/SJg3CdfHCtA==",
      "cpu": [
        "x64"
      ],
      "license": "SEE LICENSE IN LICENSE.md",
      "optional": true,
      "os": [
        "linux"
      ]
    },
    "node_modules/@anthropic-ai/claude-code-linux-x64-musl": {
      "version": "2.1.245",
      "resolved": "https://registry.npmjs.org/@anthropic-ai/claude-code-linux-x64-musl/-/claude-code-linux-x64-musl-2.1.245.tgz",
      "integrity": "sha512-loThtx/opxdpmwk07VmjQL7ALhOKJJozdJs2T5SXVY7iAEZwX+nPK+Zz0CyvT3XRtxtimbEeNaQPmk43PUkFag==",
      "cpu": [
        "x64"
      ],
      "license": "SEE LICENSE IN LICENSE.md",
      "optional": true,
      "os": [
        "linux"
      ]
    },
    "node_modules/@anthropic-ai/claude-code-win32-arm64": {
      "version": "2.1.245",
      "resolved": "https://registry.npmjs.org/@anthropic-ai/claude-code-win32-arm64/-/claude-code-win32-arm64-2.1.245.tgz",
      "integrity": "sha512-gG/B3EU+nQZA9tjp43JE94p2VoCh0VotfaxyKYOf1eW0JmJRYzcpvV2Iih8/5i/FkL9TWghPAtRV8YcxwzTtow==",
      "cpu": [
        "arm64"
      ],
      "license": "SEE LICENSE IN LICENSE.md",
      "optional": true,
      "os": [
        "win32"
      ]
    },
    "node_modules/@anthropic-ai/claude-code-win32-x64": {
      "version": "2.1.245",
      "resolved": "https://registry.npmjs.org/@anthropic-ai/claude-code-win32-x64/-/claude-code-win32-x64-2.1.245.tgz",
      "integrity": "sha512-/SVV2dUpKIyuNylzsHo0pFqKAn6HGcqNB/fEpluahvUIaYsgluJsBs8m3uIgYLfU4nFnPbemrYj0ekoG626SgA==",
      "cpu": [
        "x64"
      ],
      "license": "SEE LICENSE IN LICENSE.md",
      "optional": true,
      "os": [
        "win32"
      ]
    }
  }
}
